
Microsoft Visual Studio Solution File, Format Version 12.00
# Visual Studio Version 17
VisualStudioVersion = 17.0.31919.166
MinimumVisualStudioVersion = 10.0.40219.1
Project("{9A19103F-16F7-4668-BE54-9A1E7A4F7556}") = "GroceryAPI", "GroceryAPI\GroceryAPI.csproj", "{7B4535CC-3D94-48AD-A1C5-DCFB14D2B9D6}"
EndProject
Project("{FAE04EC0-301F-11D3-BF4B-00C04F79EFBC}") = "GroceryAPITest", "GroceryAPITest\GroceryAPITest.csproj", "{921884F4-176D-46D5-8291-8E8A56F8A909}"
EndProject
Global
	GlobalSection(SolutionConfigurationPlatforms) = preSolution
		Debug|Any CPU = Debug|Any CPU
		Release|Any CPU = Release|Any CPU
	EndGlobalSection
	GlobalSection(ProjectConfigurationPlatforms) = postSolution
		{7B4535CC-3D94-48AD-A1C5-DCFB14D2B9D6}.Debug|Any CPU.ActiveCfg = Debug|Any CPU
		{7B4535CC-3D94-48AD-A1C5-DCFB14D2B9D6}.Debug|Any CPU.Build.0 = Debug|Any CPU
		{7B4535CC-3D94-48AD-A1C5-DCFB14D2B9D6}.Release|Any CPU.ActiveCfg = Release|Any CPU
		{7B4535CC-3D94-48AD-A1C5-DCFB14D2B9D6}.Release|Any CPU.Build.0 = Release|Any CPU
		{921884F4-176D-46D5-8291-8E8A56F8A909}.Debug|Any CPU.ActiveCfg = Debug|Any CPU
		{921884F4-176D-46D5-8291-8E8A56F8A909}.Debug|Any CPU.Build.0 = Debug|Any CPU
		{921884F4-176D-46D5-8291-8E8A56F8A909}.Release|Any CPU.ActiveCfg = Release|Any CPU
		{921884F4-176D-46D5-8291-8E8A56F8A909}.Release|Any CPU.Build.0 = Release|Any CPU
	EndGlobalSection
	GlobalSection(SolutionProperties) = preSolution
		HideSolutionNode = FALSE
	EndGlobalSection
	GlobalSection(ExtensibilityGlobals) = postSolution
		SolutionGuid = {04523E03-63A3-4ACC-A3BE-DE036E6C48D1}
	EndGlobalSection
EndGlobal
